<?xml version="1.0" encoding="utf-8"?>
<Project ToolsVersion="4.0" xmlns="http://schemas.microsoft.com/developer/msbuild/2003">
  <ItemGroup>
    <Filter Include="Source Files">
      <UniqueIdentifier>{4FC737F1-C7A5-4376-A066-2A32D752A2FF}</UniqueIdentifier>
      <Extensions>cpp;c;cc;cxx;c++;cppm;ixx;def;odl;idl;hpj;bat;asm;asmx</Extensions>
    </Filter>
    <Filter Include="Header Files">
      <UniqueIdentifier>{93995380-89BD-4b04-88EB-625FBE52EBFB}</UniqueIdentifier>
      <Extensions>h;hh;hpp;hxx;h++;hm;inl;inc;ipp;xsd</Extensions>
    </Filter>
    <Filter Include="Resource Files">
      <UniqueIdentifier>{67DA6AB6-F800-4c08-8B7A-83BB121AAD01}</UniqueIdentifier>
      <Extensions>rc;ico;cur;bmp;dlg;rc2;rct;bin;rgs;gif;jpg;jpeg;jpe;resx;tiff;tif;png;wav;mfcribbon-ms</Extensions>
    </Filter>
    <Filter Include="GridControl">
      <UniqueIdentifier>{531d962c-4e5f-435a-bc1e-0ec3175fa74d}</UniqueIdentifier>
    </Filter>
    <Filter Include="NewCellTypes">
      <UniqueIdentifier>{731e2ba9-fd21-4011-8a59-4939f0600a0c}</UniqueIdentifier>
    </Filter>
  </ItemGroup>
  <ItemGroup>
    <ClInclude Include="BenchPro.h">
      <Filter>Header Files</Filter>
    </ClInclude>
    <ClInclude Include="framework.h">
      <Filter>Header Files</Filter>
    </ClInclude>
    <ClInclude Include="targetver.h">
      <Filter>Header Files</Filter>
    </ClInclude>
    <ClInclude Include="MainFrm.h">
      <Filter>Header Files</Filter>
    </ClInclude>
    <ClInclude Include="BenchProDoc.h">
      <Filter>Header Files</Filter>
    </ClInclude>
    <ClInclude Include="BenchProView.h">
      <Filter>Header Files</Filter>
    </ClInclude>
    <ClInclude Include="Resource.h">
      <Filter>Header Files</Filter>
    </ClInclude>
    <ClInclude Include="pch.h">
      <Filter>Header Files</Filter>
    </ClInclude>
    <ClInclude Include="INI.h">
      <Filter>Header Files</Filter>
    </ClInclude>
    <ClInclude Include="DlgConnectToDevide.h">
      <Filter>Header Files</Filter>
    </ClInclude>
    <ClInclude Include="DlgConnectToDevideAdd.h">
      <Filter>Header Files</Filter>
    </ClInclude>
    <ClInclude Include="DlgConnectToDevideConnect.h">
      <Filter>Header Files</Filter>
    </ClInclude>
    <ClInclude Include="DlgDevideSetting.h">
      <Filter>Header Files</Filter>
    </ClInclude>
    <ClInclude Include="DlgDeviceSelection.h">
      <Filter>Header Files</Filter>
    </ClInclude>
    <ClInclude Include="DlgPowerChanel.h">
      <Filter>Header Files</Filter>
    </ClInclude>
    <ClInclude Include="DlgDeviceProperties.h">
      <Filter>Header Files</Filter>
    </ClInclude>
    <ClInclude Include="DlgDeviceJack.h">
      <Filter>Header Files</Filter>
    </ClInclude>
    <ClInclude Include="DlgDeviceJackName.h">
      <Filter>Header Files</Filter>
    </ClInclude>
    <ClInclude Include="DlgDeviceJackProperties.h">
      <Filter>Header Files</Filter>
    </ClInclude>
    <ClInclude Include="DlgDeviceJackPropertiesEdit.h">
      <Filter>Header Files</Filter>
    </ClInclude>
    <ClInclude Include="GUIStaticText.h">
      <Filter>Header Files</Filter>
    </ClInclude>
    <ClInclude Include="VoltAmpControl.h">
      <Filter>Header Files</Filter>
    </ClInclude>
    <ClInclude Include="VoltAmpValue.h">
      <Filter>Header Files</Filter>
    </ClInclude>
    <ClInclude Include="ImageButton.h">
      <Filter>Header Files</Filter>
    </ClInclude>
    <ClInclude Include="GridCtrl_src\CellRange.h">
      <Filter>GridControl</Filter>
    </ClInclude>
    <ClInclude Include="GridCtrl_src\GridCell.h">
      <Filter>GridControl</Filter>
    </ClInclude>
    <ClInclude Include="GridCtrl_src\GridCellBase.h">
      <Filter>GridControl</Filter>
    </ClInclude>
    <ClInclude Include="GridCtrl_src\GridCtrl.h">
      <Filter>GridControl</Filter>
    </ClInclude>
    <ClInclude Include="GridCtrl_src\GridDropTarget.h">
      <Filter>GridControl</Filter>
    </ClInclude>
    <ClInclude Include="GridCtrl_src\InPlaceEdit.h">
      <Filter>GridControl</Filter>
    </ClInclude>
    <ClInclude Include="GridCtrl_src\InPlaceLogicEdit.h">
      <Filter>GridControl</Filter>
    </ClInclude>
    <ClInclude Include="GridCtrl_src\MemDC.h">
      <Filter>GridControl</Filter>
    </ClInclude>
    <ClInclude Include="GridCtrl_src\TitleTip.h">
      <Filter>GridControl</Filter>
    </ClInclude>
    <ClInclude Include="NewCellTypes\GridCellCheck.h">
      <Filter>NewCellTypes</Filter>
    </ClInclude>
    <ClInclude Include="NewCellTypes\GridCellCombo.h">
      <Filter>NewCellTypes</Filter>
    </ClInclude>
    <ClInclude Include="NewCellTypes\GridCellDateTime.h">
      <Filter>NewCellTypes</Filter>
    </ClInclude>
    <ClInclude Include="NewCellTypes\GridCellNumeric.h">
      <Filter>NewCellTypes</Filter>
    </ClInclude>
    <ClInclude Include="NewCellTypes\GridURLCell.h">
      <Filter>NewCellTypes</Filter>
    </ClInclude>
    <ClInclude Include="CEditSpin.h">
      <Filter>Header Files</Filter>
    </ClInclude>
    <ClInclude Include="ChildView.h">
      <Filter>Header Files</Filter>
    </ClInclude>
    <ClInclude Include="DlgPinSetting.h">
      <Filter>Header Files</Filter>
    </ClInclude>
    <ClInclude Include="DlgPinSettingAdd.h">
      <Filter>Header Files</Filter>
    </ClInclude>
    <ClInclude Include="DlgPlanFileConfig.h">
      <Filter>Header Files</Filter>
    </ClInclude>
    <ClInclude Include="DlgPowerSettingThreshold.h">
      <Filter>Header Files</Filter>
    </ClInclude>
    <ClInclude Include="MSG_Qeueu.h">
      <Filter>Header Files</Filter>
    </ClInclude>
    <ClInclude Include="TcpSocket.h">
      <Filter>Header Files</Filter>
    </ClInclude>
    <ClInclude Include="DlgPinSettingEdit.h">
      <Filter>Header Files</Filter>
    </ClInclude>
    <ClInclude Include="DlgPowerSetting.h">
      <Filter>Header Files</Filter>
    </ClInclude>
    <ClInclude Include="Plan.h">
      <Filter>Header Files</Filter>
    </ClInclude>
    <ClInclude Include="DlgPowerSettingParam.h">
      <Filter>Header Files</Filter>
    </ClInclude>
    <ClInclude Include="DlgCreateCase.h">
      <Filter>Header Files</Filter>
    </ClInclude>
    <ClInclude Include="DlgChanelSelection.h">
      <Filter>Header Files</Filter>
    </ClInclude>
    <ClInclude Include="DlgTestOnBoard.h">
      <Filter>Header Files</Filter>
    </ClInclude>
    <ClInclude Include="MainDlg.h">
      <Filter>Header Files</Filter>
    </ClInclude>
    <ClInclude Include="CSpreadSheet.h">
      <Filter>Header Files</Filter>
    </ClInclude>
    <ClInclude Include="CInputDialog.h">
      <Filter>Header Files</Filter>
    </ClInclude>
  </ItemGroup>
  <ItemGroup>
    <ClCompile Include="BenchPro.cpp">
      <Filter>Source Files</Filter>
    </ClCompile>
    <ClCompile Include="MainFrm.cpp">
      <Filter>Source Files</Filter>
    </ClCompile>
    <ClCompile Include="BenchProDoc.cpp">
      <Filter>Source Files</Filter>
    </ClCompile>
    <ClCompile Include="BenchProView.cpp">
      <Filter>Source Files</Filter>
    </ClCompile>
    <ClCompile Include="pch.cpp">
      <Filter>Source Files</Filter>
    </ClCompile>
    <ClCompile Include="INI.cpp">
      <Filter>Source Files</Filter>
    </ClCompile>
    <ClCompile Include="DlgConnectToDevide.cpp">
      <Filter>Source Files</Filter>
    </ClCompile>
    <ClCompile Include="DlgConnectToDevideAdd.cpp">
      <Filter>Source Files</Filter>
    </ClCompile>
    <ClCompile Include="DlgConnectToDevideConnect.cpp">
      <Filter>Source Files</Filter>
    </ClCompile>
    <ClCompile Include="DlgDevideSetting.cpp">
      <Filter>Source Files</Filter>
    </ClCompile>
    <ClCompile Include="DlgDeviceSelection.cpp">
      <Filter>Source Files</Filter>
    </ClCompile>
    <ClCompile Include="DlgPowerChanel.cpp">
      <Filter>Source Files</Filter>
    </ClCompile>
    <ClCompile Include="DlgDeviceProperties.cpp">
      <Filter>Source Files</Filter>
    </ClCompile>
    <ClCompile Include="DlgDeviceJack.cpp">
      <Filter>Source Files</Filter>
    </ClCompile>
    <ClCompile Include="DlgDeviceJackName.cpp">
      <Filter>Source Files</Filter>
    </ClCompile>
    <ClCompile Include="DlgDeviceJackProperties.cpp">
      <Filter>Source Files</Filter>
    </ClCompile>
    <ClCompile Include="DlgDeviceJackPropertiesEdit.cpp">
      <Filter>Source Files</Filter>
    </ClCompile>
    <ClCompile Include="GUIStaticText.cpp">
      <Filter>Source Files</Filter>
    </ClCompile>
    <ClCompile Include="VoltAmpControl.cpp">
      <Filter>Source Files</Filter>
    </ClCompile>
    <ClCompile Include="VoltAmpValue.cpp">
      <Filter>Source Files</Filter>
    </ClCompile>
    <ClCompile Include="ImageButton.cpp">
      <Filter>Source Files</Filter>
    </ClCompile>
    <ClCompile Include="GridCtrl_src\GridCell.cpp">
      <Filter>GridControl</Filter>
    </ClCompile>
    <ClCompile Include="GridCtrl_src\GridCellBase.cpp">
      <Filter>GridControl</Filter>
    </ClCompile>
    <ClCompile Include="GridCtrl_src\GridCtrl.cpp">
      <Filter>GridControl</Filter>
    </ClCompile>
    <ClCompile Include="GridCtrl_src\GridDropTarget.cpp">
      <Filter>GridControl</Filter>
    </ClCompile>
    <ClCompile Include="GridCtrl_src\InPlaceEdit.cpp">
      <Filter>GridControl</Filter>
    </ClCompile>
    <ClCompile Include="GridCtrl_src\InPlaceLogicEdit.cpp">
      <Filter>GridControl</Filter>
    </ClCompile>
    <ClCompile Include="GridCtrl_src\TitleTip.cpp">
      <Filter>GridControl</Filter>
    </ClCompile>
    <ClCompile Include="NewCellTypes\GridCellCheck.cpp">
      <Filter>NewCellTypes</Filter>
    </ClCompile>
    <ClCompile Include="NewCellTypes\GridCellCombo.cpp">
      <Filter>NewCellTypes</Filter>
    </ClCompile>
    <ClCompile Include="NewCellTypes\GridCellDateTime.cpp">
      <Filter>NewCellTypes</Filter>
    </ClCompile>
    <ClCompile Include="NewCellTypes\GridCellNumeric.cpp">
      <Filter>NewCellTypes</Filter>
    </ClCompile>
    <ClCompile Include="NewCellTypes\GridURLCell.cpp">
      <Filter>NewCellTypes</Filter>
    </ClCompile>
    <ClCompile Include="CEditSpin.cpp">
      <Filter>Source Files</Filter>
    </ClCompile>
    <ClCompile Include="ChildView.cpp">
      <Filter>Source Files</Filter>
    </ClCompile>
    <ClCompile Include="DlgPinSetting.cpp">
      <Filter>Source Files</Filter>
    </ClCompile>
    <ClCompile Include="DlgPinSettingAdd.cpp">
      <Filter>Source Files</Filter>
    </ClCompile>
    <ClCompile Include="DlgPlanFileConfig.cpp">
      <Filter>Source Files</Filter>
    </ClCompile>
    <ClCompile Include="DlgPowerSettingThreshold.cpp">
      <Filter>Source Files</Filter>
    </ClCompile>
    <ClCompile Include="DlgPinSettingEdit.cpp">
      <Filter>Source Files</Filter>
    </ClCompile>
    <ClCompile Include="DlgPowerSetting.cpp">
      <Filter>Source Files</Filter>
    </ClCompile>
    <ClCompile Include="Plan.cpp">
      <Filter>Source Files</Filter>
    </ClCompile>
    <ClCompile Include="DlgPowerSettingParam.cpp">
      <Filter>Source Files</Filter>
    </ClCompile>
    <ClCompile Include="DlgCreateCase.cpp">
      <Filter>Source Files</Filter>
    </ClCompile>
    <ClCompile Include="DlgChanelSelection.cpp">
      <Filter>Source Files</Filter>
    </ClCompile>
    <ClCompile Include="DlgTestOnBoard.cpp">
      <Filter>Source Files</Filter>
    </ClCompile>
    <ClCompile Include="MainDlg.cpp">
      <Filter>Source Files</Filter>
    </ClCompile>
    <ClCompile Include="CInputDialog.cpp">
      <Filter>Source Files</Filter>
    </ClCompile>
  </ItemGroup>
  <ItemGroup>
    <ResourceCompile Include="BenchPro.rc">
      <Filter>Resource Files</Filter>
    </ResourceCompile>
  </ItemGroup>
  <ItemGroup>
    <Image Include="res\userimages.bmp">
      <Filter>Resource Files</Filter>
    </Image>
    <Image Include="res\BenchProDoc.ico">
      <Filter>Resource Files</Filter>
    </Image>
    <Image Include="res\BenchPro.ico">
      <Filter>Resource Files</Filter>
    </Image>
    <Image Include="res\Toolbar.bmp">
      <Filter>Resource Files</Filter>
    </Image>
    <Image Include="res\Toolbar256.bmp">
      <Filter>Resource Files</Filter>
    </Image>
    <Image Include="res\bitmap1.bmp">
      <Filter>Resource Files</Filter>
    </Image>
    <Image Include="res\bmp00001.bmp">
      <Filter>Resource Files</Filter>
    </Image>
    <Image Include="res\bitmap3.bmp">
      <Filter>Resource Files</Filter>
    </Image>
    <Image Include="res\bitmap2.bmp">
      <Filter>Resource Files</Filter>
    </Image>
    <Image Include="res\bitmap_OFF.bmp">
      <Filter>Resource Files</Filter>
    </Image>
    <Image Include="res\bmpON.bmp">
      <Filter>Resource Files</Filter>
    </Image>
    <Image Include="res\bmpONOFNM.bmp">
      <Filter>Resource Files</Filter>
    </Image>
  </ItemGroup>
  <ItemGroup>
    <None Include="res\BenchPro.rc2">
      <Filter>Resource Files</Filter>
    </None>
  </ItemGroup>
</Project>